PODS:
  - NGAParallaxMotion (1.0.2)
  - pop (1.0.6)
  - SDWebImage (3.7.0):
    - SDWebImage/Core
  - SDWebImage/Core (3.7.0)
  - UIColor+FlatColors (0.0.2)
  - UIImage+BlurredFrame (0.0.4)

DEPENDENCIES:
  - NGAParallaxMotion (~> 1.0)
  - pop (~> 1.0)
  - SDWebImage (~> 3.6)
  - UIColor+FlatColors
  - UIImage+BlurredFrame

SPEC CHECKSUMS:
  NGAParallaxMotion: f25d6b7e4eefe1c94211dbf402cd3563e56d46f3
  pop: e518794da38942c05255eb64b36d894e70cb4f00
  SDWebImage: 791cb0f588046cb0bb7802ae8ae8f5462947b773
  UIColor+FlatColors: 15506ef6472e26a751033f2f2469283800bcb906
  UIImage+BlurredFrame: 0c38f5760d72125c47d16001a88faaac573bd35d

COCOAPODS: 0.33.1
